
Microsoft Visual Studio Solution File, Format Version 12.00
# Visual Studio 15
VisualStudioVersion = 15.0.28307.168
MinimumVisualStudioVersion = 10.0.40219.1
Project("{FAE04EC0-301F-11D3-BF4B-00C04F79EFBC}") = "TestHub", "TestHub\TestHub.csproj", "{5F5E70A1-A11D-447F-BFC0-E0AA5028D0C6}"
EndProject
Global
	GlobalSection(SolutionConfigurationPlatforms) = preSolution
		Debug|Any CPU = Debug|Any CPU
		Release|Any CPU = Release|Any CPU
	EndGlobalSection
	GlobalSection(ProjectConfigurationPlatforms) = postSolution
		{5F5E70A1-A11D-447F-BFC0-E0AA5028D0C6}.Debug|Any CPU.ActiveCfg = Debug|Any CPU
		{5F5E70A1-A11D-447F-BFC0-E0AA5028D0C6}.Debug|Any CPU.Build.0 = Debug|Any CPU
		{5F5E70A1-A11D-447F-BFC0-E0AA5028D0C6}.Release|Any CPU.ActiveCfg = Release|Any CPU
		{5F5E70A1-A11D-447F-BFC0-E0AA5028D0C6}.Release|Any CPU.Build.0 = Release|Any CPU
	EndGlobalSection
	GlobalSection(SolutionProperties) = preSolution
		HideSolutionNode = FALSE
	EndGlobalSection
	GlobalSection(ExtensibilityGlobals) = postSolution
		SolutionGuid = {F4F5868E-DF98-4FF3-903F-2CA6D06E1F34}
	EndGlobalSection
EndGlobal
